
Microsoft Visual Studio Solution File, Format Version 12.00
# Visual Studio Version 16
VisualStudioVersion = 16.0.29926.136
MinimumVisualStudioVersion = 10.0.40219.1
Project("{9A19103F-16F7-4668-BE54-9A1E7A4F7556}") = "Microsoft.Azure.Cosmos.Serialization.HybridRow", "Serialization\HybridRow\Microsoft.Azure.Cosmos.Serialization.HybridRow.csproj", "{490D42EE-1FEF-47CC-97E4-782A353B4D58}"
EndProject
Project("{9A19103F-16F7-4668-BE54-9A1E7A4F7556}") = "Microsoft.Azure.Cosmos.Core", "Core\Core\Microsoft.Azure.Cosmos.Core.csproj", "{4955C705-BA27-4813-83EF-A55A6B6A49CD}"
EndProject
Project("{9A19103F-16F7-4668-BE54-9A1E7A4F7556}") = "Microsoft.Azure.Cosmos.Serialization.HybridRowGenerator", "Serialization\HybridRowGenerator\Microsoft.Azure.Cosmos.Serialization.HybridRowGenerator.csproj", "{A1522622-82DF-4ADF-A6BC-7E2992C97BBF}"
EndProject
Project("{9A19103F-16F7-4668-BE54-9A1E7A4F7556}") = "Microsoft.Azure.Cosmos.Serialization.HybridRow.Tests.Unit", "Serialization\HybridRow.Tests.Unit\Microsoft.Azure.Cosmos.Serialization.HybridRow.Tests.Unit.csproj", "{61A97067-8426-4EA3-A176-91E1C50BC279}"
EndProject
Project("{9A19103F-16F7-4668-BE54-9A1E7A4F7556}") = "Microsoft.Azure.Cosmos.Serialization.HybridRow.Json", "Serialization\HybridRow.Json\Microsoft.Azure.Cosmos.Serialization.HybridRow.Json.csproj", "{6CEE8A59-74F2-40A9-AA66-E6A6EEFDEEEE}"
EndProject
Project("{9A19103F-16F7-4668-BE54-9A1E7A4F7556}") = "Microsoft.Azure.Cosmos.Serialization.HybridRow.Tests.Perf", "Serialization\HybridRow.Tests.Perf\Microsoft.Azure.Cosmos.Serialization.HybridRow.Tests.Perf.csproj", "{0FC8DEDB-1DEF-477B-A669-029A60109FA0}"
EndProject
Project("{9A19103F-16F7-4668-BE54-9A1E7A4F7556}") = "Microsoft.Azure.Cosmos.Serialization.HybridRowCLI", "Serialization\HybridRowCLI\Microsoft.Azure.Cosmos.Serialization.HybridRowCLI.csproj", "{AFAA0AAB-F62C-400F-AFB4-22D902732721}"
EndProject
Project("{9A19103F-16F7-4668-BE54-9A1E7A4F7556}") = "Microsoft.Azure.Cosmos.Serialization.HybridRowStress", "Serialization\HybridRowStress\Microsoft.Azure.Cosmos.Serialization.HybridRowStress.csproj", "{0E1D663C-398A-4CD9-A1B6-C273FEDC801B}"
EndProject
Project("{8BC9CEB8-8B4A-11D0-8D11-00A0C91BC942}") = "HybridRow.Native", "Serialization\HybridRow.Native\HybridRow.Native.vcxproj", "{D02FD209-EFF3-4D3F-B98E-E1BF9A1DD894}"
EndProject
Project("{8BC9CEB8-8B4A-11D0-8D11-00A0C91BC942}") = "Microsoft.Azure.Cosmos.Core.Native", "Core\Core.Native\Microsoft.Azure.Cosmos.Core.Native.vcxproj", "{EAED7D41-3DE6-4C41-A0E4-40D53EA3DABA}"
EndProject
Project("{8BC9CEB8-8B4A-11D0-8D11-00A0C91BC942}") = "Microsoft.Azure.Cosmos.Core.Native.Tests.Unit", "Core\Core.Native.Tests.Unit\Microsoft.Azure.Cosmos.Core.Native.Tests.Unit.vcxproj", "{BE99633B-5D7D-41DA-8550-035E6689B243}"
EndProject
Project("{8BC9CEB8-8B4A-11D0-8D11-00A0C91BC942}") = "HybridRow.Native.Tests.Unit", "Serialization\HybridRow.Native.Tests.Unit\HybridRow.Native.Tests.Unit.vcxproj", "{209D2BFA-982F-4BB7-ADEA-C63B926152B3}"
EndProject
Global
	GlobalSection(SolutionConfigurationPlatforms) = preSolution
		Debug|Any CPU = Debug|Any CPU
		Debug|x64 = Debug|x64
		Debug|x86 = Debug|x86
		Release|Any CPU = Release|Any CPU
		Release|x64 = Release|x64
		Release|x86 = Release|x86
	EndGlobalSection
	GlobalSection(ProjectConfigurationPlatforms) = postSolution
		{490D42EE-1FEF-47CC-97E4-782A353B4D58}.Debug|Any CPU.ActiveCfg = Debug|Any CPU
		{490D42EE-1FEF-47CC-97E4-782A353B4D58}.Debug|Any CPU.Build.0 = Debug|Any CPU
		{490D42EE-1FEF-47CC-97E4-782A353B4D58}.Debug|x64.ActiveCfg = Debug|Any CPU
		{490D42EE-1FEF-47CC-97E4-782A353B4D58}.Debug|x64.Build.0 = Debug|Any CPU
		{490D42EE-1FEF-47CC-97E4-782A353B4D58}.Debug|x86.ActiveCfg = Debug|Any CPU
		{490D42EE-1FEF-47CC-97E4-782A353B4D58}.Debug|x86.Build.0 = Debug|Any CPU
		{490D42EE-1FEF-47CC-97E4-782A353B4D58}.Release|Any CPU.ActiveCfg = Release|Any CPU
		{490D42EE-1FEF-47CC-97E4-782A353B4D58}.Release|Any CPU.Build.0 = Release|Any CPU
		{490D42EE-1FEF-47CC-97E4-782A353B4D58}.Release|x64.ActiveCfg = Release|Any CPU
		{490D42EE-1FEF-47CC-97E4-782A353B4D58}.Release|x64.Build.0 = Release|Any CPU
		{490D42EE-1FEF-47CC-97E4-782A353B4D58}.Release|x86.ActiveCfg = Release|Any CPU
		{490D42EE-1FEF-47CC-97E4-782A353B4D58}.Release|x86.Build.0 = Release|Any CPU
		{4955C705-BA27-4813-83EF-A55A6B6A49CD}.Debug|Any CPU.ActiveCfg = Debug|Any CPU
		{4955C705-BA27-4813-83EF-A55A6B6A49CD}.Debug|Any CPU.Build.0 = Debug|Any CPU
		{4955C705-BA27-4813-83EF-A55A6B6A49CD}.Debug|x64.ActiveCfg = Debug|Any CPU
		{4955C705-BA27-4813-83EF-A55A6B6A49CD}.Debug|x64.Build.0 = Debug|Any CPU
		{4955C705-BA27-4813-83EF-A55A6B6A49CD}.Debug|x86.ActiveCfg = Debug|Any CPU
		{4955C705-BA27-4813-83EF-A55A6B6A49CD}.Debug|x86.Build.0 = Debug|Any CPU
		{4955C705-BA27-4813-83EF-A55A6B6A49CD}.Release|Any CPU.ActiveCfg = Release|Any CPU
		{4955C705-BA27-4813-83EF-A55A6B6A49CD}.Release|Any CPU.Build.0 = Release|Any CPU
		{4955C705-BA27-4813-83EF-A55A6B6A49CD}.Release|x64.ActiveCfg = Release|Any CPU
		{4955C705-BA27-4813-83EF-A55A6B6A49CD}.Release|x64.Build.0 = Release|Any CPU
		{4955C705-BA27-4813-83EF-A55A6B6A49CD}.Release|x86.ActiveCfg = Release|Any CPU
		{4955C705-BA27-4813-83EF-A55A6B6A49CD}.Release|x86.Build.0 = Release|Any CPU
		{A1522622-82DF-4ADF-A6BC-7E2992C97BBF}.Debug|Any CPU.ActiveCfg = Debug|Any CPU
		{A1522622-82DF-4ADF-A6BC-7E2992C97BBF}.Debug|Any CPU.Build.0 = Debug|Any CPU
		{A1522622-82DF-4ADF-A6BC-7E2992C97BBF}.Debug|x64.ActiveCfg = Debug|Any CPU
		{A1522622-82DF-4ADF-A6BC-7E2992C97BBF}.Debug|x64.Build.0 = Debug|Any CPU
		{A1522622-82DF-4ADF-A6BC-7E2992C97BBF}.Debug|x86.ActiveCfg = Debug|Any CPU
		{A1522622-82DF-4ADF-A6BC-7E2992C97BBF}.Debug|x86.Build.0 = Debug|Any CPU
		{A1522622-82DF-4ADF-A6BC-7E2992C97BBF}.Release|Any CPU.ActiveCfg = Release|Any CPU
		{A1522622-82DF-4ADF-A6BC-7E2992C97BBF}.Release|Any CPU.Build.0 = Release|Any CPU
		{A1522622-82DF-4ADF-A6BC-7E2992C97BBF}.Release|x64.ActiveCfg = Release|Any CPU
		{A1522622-82DF-4ADF-A6BC-7E2992C97BBF}.Release|x64.Build.0 = Release|Any CPU
		{A1522622-82DF-4ADF-A6BC-7E2992C97BBF}.Release|x86.ActiveCfg = Release|Any CPU
		{A1522622-82DF-4ADF-A6BC-7E2992C97BBF}.Release|x86.Build.0 = Release|Any CPU
		{61A97067-8426-4EA3-A176-91E1C50BC279}.Debug|Any CPU.ActiveCfg = Debug|Any CPU
		{61A97067-8426-4EA3-A176-91E1C50BC279}.Debug|Any CPU.Build.0 = Debug|Any CPU
		{61A97067-8426-4EA3-A176-91E1C50BC279}.Debug|x64.ActiveCfg = Debug|Any CPU
		{61A97067-8426-4EA3-A176-91E1C50BC279}.Debug|x64.Build.0 = Debug|Any CPU
		{61A97067-8426-4EA3-A176-91E1C50BC279}.Debug|x86.ActiveCfg = Debug|Any CPU
		{61A97067-8426-4EA3-A176-91E1C50BC279}.Debug|x86.Build.0 = Debug|Any CPU
		{61A97067-8426-4EA3-A176-91E1C50BC279}.Release|Any CPU.ActiveCfg = Release|Any CPU
		{61A97067-8426-4EA3-A176-91E1C50BC279}.Release|Any CPU.Build.0 = Release|Any CPU
		{61A97067-8426-4EA3-A176-91E1C50BC279}.Release|x64.ActiveCfg = Release|Any CPU
		{61A97067-8426-4EA3-A176-91E1C50BC279}.Release|x64.Build.0 = Release|Any CPU
		{61A97067-8426-4EA3-A176-91E1C50BC279}.Release|x86.ActiveCfg = Release|Any CPU
		{61A97067-8426-4EA3-A176-91E1C50BC279}.Release|x86.Build.0 = Release|Any CPU
		{6CEE8A59-74F2-40A9-AA66-E6A6EEFDEEEE}.Debug|Any CPU.ActiveCfg = Debug|Any CPU
		{6CEE8A59-74F2-40A9-AA66-E6A6EEFDEEEE}.Debug|Any CPU.Build.0 = Debug|Any CPU
		{6CEE8A59-74F2-40A9-AA66-E6A6EEFDEEEE}.Debug|x64.ActiveCfg = Debug|Any CPU
		{6CEE8A59-74F2-40A9-AA66-E6A6EEFDEEEE}.Debug|x64.Build.0 = Debug|Any CPU
		{6CEE8A59-74F2-40A9-AA66-E6A6EEFDEEEE}.Debug|x86.ActiveCfg = Debug|Any CPU
		{6CEE8A59-74F2-40A9-AA66-E6A6EEFDEEEE}.Debug|x86.Build.0 = Debug|Any CPU
		{6CEE8A59-74F2-40A9-AA66-E6A6EEFDEEEE}.Release|Any CPU.ActiveCfg = Release|Any CPU
		{6CEE8A59-74F2-40A9-AA66-E6A6EEFDEEEE}.Release|Any CPU.Build.0 = Release|Any CPU
		{6CEE8A59-74F2-40A9-AA66-E6A6EEFDEEEE}.Release|x64.ActiveCfg = Release|Any CPU
		{6CEE8A59-74F2-40A9-AA66-E6A6EEFDEEEE}.Release|x64.Build.0 = Release|Any CPU
		{6CEE8A59-74F2-40A9-AA66-E6A6EEFDEEEE}.Release|x86.ActiveCfg = Release|Any CPU
		{6CEE8A59-74F2-40A9-AA66-E6A6EEFDEEEE}.Release|x86.Build.0 = Release|Any CPU
		{0FC8DEDB-1DEF-477B-A669-029A60109FA0}.Debug|Any CPU.ActiveCfg = Debug|Any CPU
		{0FC8DEDB-1DEF-477B-A669-029A60109FA0}.Debug|Any CPU.Build.0 = Debug|Any CPU
		{0FC8DEDB-1DEF-477B-A669-029A60109FA0}.Debug|x64.ActiveCfg = Debug|Any CPU
		{0FC8DEDB-1DEF-477B-A669-029A60109FA0}.Debug|x64.Build.0 = Debug|Any CPU
		{0FC8DEDB-1DEF-477B-A669-029A60109FA0}.Debug|x86.ActiveCfg = Debug|Any CPU
		{0FC8DEDB-1DEF-477B-A669-029A60109FA0}.Debug|x86.Build.0 = Debug|Any CPU
		{0FC8DEDB-1DEF-477B-A669-029A60109FA0}.Release|Any CPU.ActiveCfg = Release|Any CPU
		{0FC8DEDB-1DEF-477B-A669-029A60109FA0}.Release|Any CPU.Build.0 = Release|Any CPU
		{0FC8DEDB-1DEF-477B-A669-029A60109FA0}.Release|x64.ActiveCfg = Release|Any CPU
		{0FC8DEDB-1DEF-477B-A669-029A60109FA0}.Release|x64.Build.0 = Release|Any CPU
		{0FC8DEDB-1DEF-477B-A669-029A60109FA0}.Release|x86.ActiveCfg = Release|Any CPU
		{0FC8DEDB-1DEF-477B-A669-029A60109FA0}.Release|x86.Build.0 = Release|Any CPU
		{AFAA0AAB-F62C-400F-AFB4-22D902732721}.Debug|Any CPU.ActiveCfg = Debug|Any CPU
		{AFAA0AAB-F62C-400F-AFB4-22D902732721}.Debug|Any CPU.Build.0 = Debug|Any CPU
		{AFAA0AAB-F62C-400F-AFB4-22D902732721}.Debug|x64.ActiveCfg = Debug|Any CPU
		{AFAA0AAB-F62C-400F-AFB4-22D902732721}.Debug|x64.Build.0 = Debug|Any CPU
		{AFAA0AAB-F62C-400F-AFB4-22D902732721}.Debug|x86.ActiveCfg = Debug|Any CPU
		{AFAA0AAB-F62C-400F-AFB4-22D902732721}.Debug|x86.Build.0 = Debug|Any CPU
		{AFAA0AAB-F62C-400F-AFB4-22D902732721}.Release|Any CPU.ActiveCfg = Release|Any CPU
		{AFAA0AAB-F62C-400F-AFB4-22D902732721}.Release|Any CPU.Build.0 = Release|Any CPU
		{AFAA0AAB-F62C-400F-AFB4-22D902732721}.Release|x64.ActiveCfg = Release|Any CPU
		{AFAA0AAB-F62C-400F-AFB4-22D902732721}.Release|x64.Build.0 = Release|Any CPU
		{AFAA0AAB-F62C-400F-AFB4-22D902732721}.Release|x86.ActiveCfg = Release|Any CPU
		{AFAA0AAB-F62C-400F-AFB4-22D902732721}.Release|x86.Build.0 = Release|Any CPU
		{0E1D663C-398A-4CD9-A1B6-C273FEDC801B}.Debug|Any CPU.ActiveCfg = Debug|Any CPU
		{0E1D663C-398A-4CD9-A1B6-C273FEDC801B}.Debug|Any CPU.Build.0 = Debug|Any CPU
		{0E1D663C-398A-4CD9-A1B6-C273FEDC801B}.Debug|x64.ActiveCfg = Debug|Any CPU
		{0E1D663C-398A-4CD9-A1B6-C273FEDC801B}.Debug|x64.Build.0 = Debug|Any CPU
		{0E1D663C-398A-4CD9-A1B6-C273FEDC801B}.Debug|x86.ActiveCfg = Debug|Any CPU
		{0E1D663C-398A-4CD9-A1B6-C273FEDC801B}.Debug|x86.Build.0 = Debug|Any CPU
		{0E1D663C-398A-4CD9-A1B6-C273FEDC801B}.Release|Any CPU.ActiveCfg = Release|Any CPU
		{0E1D663C-398A-4CD9-A1B6-C273FEDC801B}.Release|Any CPU.Build.0 = Release|Any CPU
		{0E1D663C-398A-4CD9-A1B6-C273FEDC801B}.Release|x64.ActiveCfg = Release|Any CPU
		{0E1D663C-398A-4CD9-A1B6-C273FEDC801B}.Release|x64.Build.0 = Release|Any CPU
		{0E1D663C-398A-4CD9-A1B6-C273FEDC801B}.Release|x86.ActiveCfg = Release|Any CPU
		{0E1D663C-398A-4CD9-A1B6-C273FEDC801B}.Release|x86.Build.0 = Release|Any CPU
		{D02FD209-EFF3-4D3F-B98E-E1BF9A1DD894}.Debug|Any CPU.ActiveCfg = Debug|x64
		{D02FD209-EFF3-4D3F-B98E-E1BF9A1DD894}.Debug|Any CPU.Build.0 = Debug|x64
		{D02FD209-EFF3-4D3F-B98E-E1BF9A1DD894}.Debug|x64.ActiveCfg = Debug|x64
		{D02FD209-EFF3-4D3F-B98E-E1BF9A1DD894}.Debug|x64.Build.0 = Debug|x64
		{D02FD209-EFF3-4D3F-B98E-E1BF9A1DD894}.Debug|x86.ActiveCfg = Debug|x64
		{D02FD209-EFF3-4D3F-B98E-E1BF9A1DD894}.Release|Any CPU.ActiveCfg = Release|x64
		{D02FD209-EFF3-4D3F-B98E-E1BF9A1DD894}.Release|Any CPU.Build.0 = Release|x64
		{D02FD209-EFF3-4D3F-B98E-E1BF9A1DD894}.Release|x64.ActiveCfg = Release|x64
		{D02FD209-EFF3-4D3F-B98E-E1BF9A1DD894}.Release|x64.Build.0 = Release|x64
		{D02FD209-EFF3-4D3F-B98E-E1BF9A1DD894}.Release|x86.ActiveCfg = Release|x64
		{EAED7D41-3DE6-4C41-A0E4-40D53EA3DABA}.Debug|Any CPU.ActiveCfg = Debug|x64
		{EAED7D41-3DE6-4C41-A0E4-40D53EA3DABA}.Debug|Any CPU.Build.0 = Debug|x64
		{EAED7D41-3DE6-4C41-A0E4-40D53EA3DABA}.Debug|x64.ActiveCfg = Debug|x64
		{EAED7D41-3DE6-4C41-A0E4-40D53EA3DABA}.Debug|x64.Build.0 = Debug|x64
		{EAED7D41-3DE6-4C41-A0E4-40D53EA3DABA}.Debug|x86.ActiveCfg = Debug|x64
		{EAED7D41-3DE6-4C41-A0E4-40D53EA3DABA}.Release|Any CPU.ActiveCfg = Release|x64
		{EAED7D41-3DE6-4C41-A0E4-40D53EA3DABA}.Release|Any CPU.Build.0 = Release|x64
		{EAED7D41-3DE6-4C41-A0E4-40D53EA3DABA}.Release|x64.ActiveCfg = Release|x64
		{EAED7D41-3DE6-4C41-A0E4-40D53EA3DABA}.Release|x64.Build.0 = Release|x64
		{EAED7D41-3DE6-4C41-A0E4-40D53EA3DABA}.Release|x86.ActiveCfg = Release|x64
		{BE99633B-5D7D-41DA-8550-035E6689B243}.Debug|Any CPU.ActiveCfg = Debug|x64
		{BE99633B-5D7D-41DA-8550-035E6689B243}.Debug|Any CPU.Build.0 = Debug|x64
		{BE99633B-5D7D-41DA-8550-035E6689B243}.Debug|x64.ActiveCfg = Debug|x64
		{BE99633B-5D7D-41DA-8550-035E6689B243}.Debug|x64.Build.0 = Debug|x64
		{BE99633B-5D7D-41DA-8550-035E6689B243}.Debug|x86.ActiveCfg = Debug|x64
		{BE99633B-5D7D-41DA-8550-035E6689B243}.Release|Any CPU.ActiveCfg = Release|x64
		{BE99633B-5D7D-41DA-8550-035E6689B243}.Release|Any CPU.Build.0 = Release|x64
		{BE99633B-5D7D-41DA-8550-035E6689B243}.Release|x64.ActiveCfg = Release|x64
		{BE99633B-5D7D-41DA-8550-035E6689B243}.Release|x64.Build.0 = Release|x64
		{BE99633B-5D7D-41DA-8550-035E6689B243}.Release|x86.ActiveCfg = Release|x64
		{209D2BFA-982F-4BB7-ADEA-C63B926152B3}.Debug|Any CPU.ActiveCfg = Debug|x64
		{209D2BFA-982F-4BB7-ADEA-C63B926152B3}.Debug|x64.ActiveCfg = Debug|x64
		{209D2BFA-982F-4BB7-ADEA-C63B926152B3}.Debug|x64.Build.0 = Debug|x64
		{209D2BFA-982F-4BB7-ADEA-C63B926152B3}.Debug|x86.ActiveCfg = Debug|x64
		{209D2BFA-982F-4BB7-ADEA-C63B926152B3}.Release|Any CPU.ActiveCfg = Release|x64
		{209D2BFA-982F-4BB7-ADEA-C63B926152B3}.Release|x64.ActiveCfg = Release|x64
		{209D2BFA-982F-4BB7-ADEA-C63B926152B3}.Release|x64.Build.0 = Release|x64
		{209D2BFA-982F-4BB7-ADEA-C63B926152B3}.Release|x86.ActiveCfg = Release|x64
	EndGlobalSection
	GlobalSection(SolutionProperties) = preSolution
		HideSolutionNode = FALSE
	EndGlobalSection
	GlobalSection(ExtensibilityGlobals) = postSolution
		SolutionGuid = {282F987F-245A-48B9-8115-F2503FCEAF4F}
	EndGlobalSection
EndGlobal
